// !$*UTF8*$!
{
	archiveVersion = 1;
	classes = {
	};
	objectVersion = 46;
	objects = {

/* Begin PBXBuildFile section */
		3F9D78972257B6C8009EB155 /* AppDelegate.swift in Sources */ = {isa = PBXBuildFile; fileRef = 3F9D78962257B6C8009EB155 /* AppDelegate.swift */; };
		3F9D78992257B6C8009EB155 /* ViewController.swift in Sources */ = {isa = PBXBuildFile; fileRef = 3F9D78982257B6C8009EB155 /* ViewController.swift */; };
		3F9D789C2257B6C8009EB155 /* Main.storyboard in Resources */ = {isa = PBXBuildFile; fileRef = 3F9D789A2257B6C8009EB155 /* Main.storyboard */; };
		3F9D789E2257B6C8009EB155 /* Assets.xcassets in Resources */ = {isa = PBXBuildFile; fileRef = 3F9D789D2257B6C8009EB155 /* Assets.xcassets */; };
		3F9D78A12257B6C8009EB155 /* LaunchScreen.storyboard in Resources */ = {isa = PBXBuildFile; fileRef = 3F9D789F2257B6C8009EB155 /* LaunchScreen.storyboard */; };
		3F9D78A92257B866009EB155 /* AnimaisTableViewController.swift in Sources */ = {isa = PBXBuildFile; fileRef = 3F9D78A82257B866009EB155 /* AnimaisTableViewController.swift */; };
		3F9D78AB2257B8DC009EB155 /* AnimalTableViewCell.swift in Sources */ = {isa = PBXBuildFile; fileRef = 3F9D78AA2257B8DC009EB155 /* AnimalTableViewCell.swift */; };
		3F9D78AD2257B92C009EB155 /* Animal.swift in Sources */ = {isa = PBXBuildFile; fileRef = 3F9D78AC2257B92C009EB155 /* Animal.swift */; };
/* End PBXBuildFile section */

/* Begin PBXFileReference section */
		3F9D78932257B6C8009EB155 /* Aula2Swift_TableViewController.app */ = {isa = PBXFileReference; explicitFileType = wrapper.application; includeInIndex = 0; path = Aula2Swift_TableViewController.app; sourceTree = BUILT_PRODUCTS_DIR; };
		3F9D78962257B6C8009EB155 /* AppDelegate.swift */ = {isa = PBXFileReference; lastKnownFileType = sourcecode.swift; path = AppDelegate.swift; sourceTree = "<group>"; };
		3F9D78982257B6C8009EB155 /* ViewController.swift */ = {isa = PBXFileReference; lastKnownFileType = sourcecode.swift; path = ViewController.swift; sourceTree = "<group>"; };
		3F9D789B2257B6C8009EB155 /* Base */ = {isa = PBXFileReference; lastKnownFileType = file.storyboard; name = Base; path = Base.lproj/Main.storyboard; sourceTree = "<group>"; };
		3F9D789D2257B6C8009EB155 /* Assets.xcassets */ = {isa = PBXFileReference; lastKnownFileType = folder.assetcatalog; path = Assets.xcassets; sourceTree = "<group>"; };
		3F9D78A02257B6C8009EB155 /* Base */ = {isa = PBXFileReference; lastKnownFileType = file.storyboard; name = Base; path = Base.lproj/LaunchScreen.storyboard; sourceTree = "<group>"; };
		3F9D78A22257B6C8009EB155 /* Info.plist */ = {isa = PBXFileReference; lastKnownFileType = text.plist.xml; path = Info.plist; sourceTree = "<group>"; };
		3F9D78A82257B866009EB155 /* AnimaisTableViewController.swift */ = {isa = PBXFileReference; fileEncoding = 4; lastKnownFileType = sourcecode.swift; name = AnimaisTableViewController.swift; path = ../AnimaisTableViewController.swift; sourceTree = "<group>"; };
		3F9D78AA2257B8DC009EB155 /* AnimalTableViewCell.swift */ = {isa = PBXFileReference; fileEncoding = 4; lastKnownFileType = sourcecode.swift; path = AnimalTableViewCell.swift; sourceTree = "<group>"; };
		3F9D78AC2257B92C009EB155 /* Animal.swift */ = {isa = PBXFileReference; fileEncoding = 4; lastKnownFileType = sourcecode.swift; name = Animal.swift; path = ../Animal.swift; sourceTree = "<group>"; };
/* End PBXFileReference section */

/* Begin PBXFrameworksBuildPhase section */
		3F9D78902257B6C8009EB155 /* Frameworks */ = {
			isa = PBXFrameworksBuildPhase;
			buildActionMask = 2147483647;
			files = (
			);
			runOnlyForDeploymentPostprocessing = 0;
		};
/* End PBXFrameworksBuildPhase section */

/* Begin PBXGroup section */
		3F9D788A2257B6C8009EB155 = {
			isa = PBXGroup;
			children = (
				3F9D78952257B6C8009EB155 /* Aula2Swift_TableViewController */,
				3F9D78942257B6C8009EB155 /* Products */,
			);
			sourceTree = "<group>";
		};
		3F9D78942257B6C8009EB155 /* Products */ = {
			isa = PBXGroup;
			children = (
				3F9D78932257B6C8009EB155 /* Aula2Swift_TableViewController.app */,
			);
			name = Products;
			sourceTree = "<group>";
		};
		3F9D78952257B6C8009EB155 /* Aula2Swift_TableViewController */ = {
			isa = PBXGroup;
			children = (
				3F9D78AA2257B8DC009EB155 /* AnimalTableViewCell.swift */,
				3F9D78A82257B866009EB155 /* AnimaisTableViewController.swift */,
				3F9D78AC2257B92C009EB155 /* Animal.swift */,
				3F9D78962257B6C8009EB155 /* AppDelegate.swift */,
				3F9D78982257B6C8009EB155 /* ViewController.swift */,
				3F9D789A2257B6C8009EB155 /* Main.storyboard */,
				3F9D789D2257B6C8009EB155 /* Assets.xcassets */,
				3F9D789F2257B6C8009EB155 /* LaunchScreen.storyboard */,
				3F9D78A22257B6C8009EB155 /* Info.plist */,
			);
			path = Aula2Swift_TableViewController;
			sourceTree = "<group>";
		};
/* End PBXGroup section */

/* Begin PBXNativeTarget section */
		3F9D78922257B6C8009EB155 /* Aula2Swift_TableViewController */ = {
			isa = PBXNativeTarget;
			buildConfigurationList = 3F9D78A52257B6C8009EB155 /* Build configuration list for PBXNativeTarget "Aula2Swift_TableViewController" */;
			buildPhases = (
				3F9D788F2257B6C8009EB155 /* Sources */,
				3F9D78902257B6C8009EB155 /* Frameworks */,
				3F9D78912257B6C8009EB155 /* Resources */,
			);
			buildRules = (
			);
			dependencies = (
			);
			name = Aula2Swift_TableViewController;
			productName = Aula2Swift_TableViewController;
			productReference = 3F9D78932257B6C8009EB155 /* Aula2Swift_TableViewController.app */;
			productType = "com.apple.product-type.application";
		};
/* End PBXNativeTarget section */

/* Begin PBXProject section */
		3F9D788B2257B6C8009EB155 /* Project object */ = {
			isa = PBXProject;
			attributes = {
				LastSwiftUpdateCheck = 0830;
				LastUpgradeCheck = 0830;
				ORGANIZATIONNAME = "alicia lima";
				TargetAttributes = {
					3F9D78922257B6C8009EB155 = {
						CreatedOnToolsVersion = 8.3.3;
						ProvisioningStyle = Automatic;
					};
				};
			};
			buildConfigurationList = 3F9D788E2257B6C8009EB155 /* Build configuration list for PBXProject "Aula2Swift_TableViewController" */;
			compatibilityVersion = "Xcode 3.2";
			developmentRegion = English;
			hasScannedForEncodings = 0;
			knownRegions = (
				en,
				Base,
			);
			mainGroup = 3F9D788A2257B6C8009EB155;
			productRefGroup = 3F9D78942257B6C8009EB155 /* Products */;
			projectDirPath = "";
			projectRoot = "";
			targets = (
				3F9D78922257B6C8009EB155 /* Aula2Swift_TableViewController */,
			);
		};
/* End PBXProject section */

/* Begin PBXResourcesBuildPhase section */
		3F9D78912257B6C8009EB155 /* Resources */ = {
			isa = PBXResourcesBuildPhase;
			buildActionMask = 2147483647;
			files = (
				3F9D78A12257B6C8009EB155 /* LaunchScreen.storyboard in Resources */,
				3F9D789E2257B6C8009EB155 /* Assets.xcassets in Resources */,
				3F9D789C2257B6C8009EB155 /* Main.storyboard in Resources */,
			);
			runOnlyForDeploymentPostprocessing = 0;
		};
/* End PBXResourcesBuildPhase section */

/* Begin PBXSourcesBuildPhase section */
		3F9D788F2257B6C8009EB155 /* Sources */ = {
			isa = PBXSourcesBuildPhase;
			buildActionMask = 2147483647;
			files = (
				3F9D78992257B6C8009EB155 /* ViewController.swift in Sources */,
				3F9D78AB2257B8DC009EB155 /* AnimalTableViewCell.swift in Sources */,
				3F9D78972257B6C8009EB155 /* AppDelegate.swift in Sources */,
				3F9D78A92257B866009EB155 /* AnimaisTableViewController.swift in Sources */,
				3F9D78AD2257B92C009EB155 /* Animal.swift in Sources */,
			);
			runOnlyForDeploymentPostprocessing = 0;
		};
/* End PBXSourcesBuildPhase section */

/* Begin PBXVariantGroup section */
		3F9D789A2257B6C8009EB155 /* Main.storyboard */ = {
			isa = PBXVariantGroup;
			children = (
				3F9D789B2257B6C8009EB155 /* Base */,
			);
			name = Main.storyboard;
			sourceTree = "<group>";
		};
		3F9D789F2257B6C8009EB155 /* LaunchScreen.storyboard */ = {
			isa = PBXVariantGroup;
			children = (
				3F9D78A02257B6C8009EB155 /* Base */,
			);
			name = LaunchScreen.storyboard;
			sourceTree = "<group>";
		};
/* End PBXVariantGroup section */

/* Begin XCBuildConfiguration section */
		3F9D78A32257B6C8009EB155 /* Debug */ = {
			isa = XCBuildConfiguration;
			buildSettings = {
				ALWAYS_SEARCH_USER_PATHS = NO;
				CLANG_ANALYZER_NONNULL = YES;
				CLANG_ANALYZER_NUMBER_OBJECT_CONVERSION = YES_AGGRESSIVE;
				CLANG_CXX_LANGUAGE_STANDARD = "gnu++0x";
				CLANG_CXX_LIBRARY = "libc++";
				CLANG_ENABLE_MODULES = YES;
				CLANG_ENABLE_OBJC_ARC = YES;
				CLANG_WARN_BOOL_CONVERSION = YES;
				CLANG_WARN_CONSTANT_CONVERSION = YES;
				CLANG_WARN_DIRECT_OBJC_ISA_USAGE = YES_ERROR;
				CLANG_WARN_DOCUMENTATION_COMMENTS = YES;
				CLANG_WARN_EMPTY_BODY = YES;
				CLANG_WARN_ENUM_CONVERSION = YES;
				CLANG_WARN_INFINITE_RECURSION = YES;
				CLANG_WARN_INT_CONVERSION = YES;
				CLANG_WARN_OBJC_ROOT_CLASS = YES_ERROR;
				CLANG_WARN_SUSPICIOUS_MOVE = YES;
				CLANG_WARN_UNREACHABLE_CODE = YES;
				CLANG_WARN__DUPLICATE_METHOD_MATCH = YES;
				"CODE_SIGN_IDENTITY[sdk=iphoneos*]" = "iPhone Developer";
				COPY_PHASE_STRIP = NO;
				DEBUG_INFORMATION_FORMAT = dwarf;
				ENABLE_STRICT_OBJC_MSGSEND = YES;
				ENABLE_TESTABILITY = YES;
				GCC_C_LANGUAGE_STANDARD = gnu99;
				GCC_DYNAMIC_NO_PIC = NO;
				GCC_NO_COMMON_BLOCKS = YES;
				GCC_OPTIMIZATION_LEVEL = 0;
				GCC_PREPROCESSOR_DEFINITIONS = (
					"DEBUG=1",
					"$(inherited)",
				);
				GCC_WARN_64_TO_32_BIT_CONVERSION = YES;
				GCC_WARN_ABOUT_RETURN_TYPE = YES_ERROR;
				GCC_WARN_UNDECLARED_SELECTOR = YES;
				GCC_WARN_UNINITIALIZED_AUTOS = YES_AGGRESSIVE;
				GCC_WARN_UNUSED_FUNCTION = YES;
				GCC_WARN_UNUSED_VARIABLE = YES;
				IPHONEOS_DEPLOYMENT_TARGET = 10.3;
				MTL_ENABLE_DEBUG_INFO = YES;
				ONLY_ACTIVE_ARCH = YES;
				SDKROOT = iphoneos;
				SWIFT_ACTIVE_COMPILATION_CONDITIONS = DEBUG;
				SWIFT_OPTIMIZATION_LEVEL = "-Onone";
				TARGETED_DEVICE_FAMILY = "1,2";
			};
			name = Debug;
		};
		3F9D78A42257B6C8009EB155 /* Release */ = {
			isa = XCBuildConfiguration;
			buildSettings = {
				ALWAYS_SEARCH_USER_PATHS = NO;
				CLANG_ANALYZER_NONNULL = YES;
				CLANG_ANALYZER_NUMBER_OBJECT_CONVERSION = YES_AGGRESSIVE;
				CLANG_CXX_LANGUAGE_STANDARD = "gnu++0x";
				CLANG_CXX_LIBRARY = "libc++";
				CLANG_ENABLE_MODULES = YES;
				CLANG_ENABLE_OBJC_ARC = YES;
				CLANG_WARN_BOOL_CONVERSION = YES;
				CLANG_WARN_CONSTANT_CONVERSION = YES;
				CLANG_WARN_DIRECT_OBJC_ISA_USAGE = YES_ERROR;
				CLANG_WARN_DOCUMENTATION_COMMENTS = YES;
				CLANG_WARN_EMPTY_BODY = YES;
				CLANG_WARN_ENUM_CONVERSION = YES;
				CLANG_WARN_INFINITE_RECURSION = YES;
				CLANG_WARN_INT_CONVERSION = YES;
				CLANG_WARN_OBJC_ROOT_CLASS = YES_ERROR;
				CLANG_WARN_SUSPICIOUS_MOVE = YES;
				CLANG_WARN_UNREACHABLE_CODE = YES;
				CLANG_WARN__DUPLICATE_METHOD_MATCH = YES;
				"CODE_SIGN_IDENTITY[sdk=iphoneos*]" = "iPhone Developer";
				COPY_PHASE_STRIP = NO;
				DEBUG_INFORMATION_FORMAT = "dwarf-with-dsym";
				ENABLE_NS_ASSERTIONS = NO;
				ENABLE_STRICT_OBJC_MSGSEND = YES;
				GCC_C_LANGUAGE_STANDARD = gnu99;
				GCC_NO_COMMON_BLOCKS = YES;
				GCC_WARN_64_TO_32_BIT_CONVERSION = YES;
				GCC_WARN_ABOUT_RETURN_TYPE = YES_ERROR;
				GCC_WARN_UNDECLARED_SELECTOR = YES;
				GCC_WARN_UNINITIALIZED_AUTOS = YES_AGGRESSIVE;
				GCC_WARN_UNUSED_FUNCTION = YES;
				GCC_WARN_UNUSED_VARIABLE = YES;
				IPHONEOS_DEPLOYMENT_TARGET = 10.3;
				MTL_ENABLE_DEBUG_INFO = NO;
				SDKROOT = iphoneos;
				SWIFT_OPTIMIZATION_LEVEL = "-Owholemodule";
				TARGETED_DEVICE_FAMILY = "1,2";
				VALIDATE_PRODUCT = YES;
			};
			name = Release;
		};
		3F9D78A62257B6C8009EB155 /* Debug */ = {
			isa = XCBuildConfiguration;
			buildSettings = {
				ASSETCATALOG_COMPILER_APPICON_NAME = AppIcon;
				INFOPLIST_FILE = Aula2Swift_TableViewController/Info.plist;
				LD_RUNPATH_SEARCH_PATHS = "$(inherited) @executable_path/Frameworks";
				PRODUCT_BUNDLE_IDENTIFIER = "br.com.ht.alicia.Aula2Swift-TableViewController";
				PRODUCT_NAME = "$(TARGET_NAME)";
				SWIFT_VERSION = 3.0;
			};
			name = Debug;
		};
		3F9D78A72257B6C8009EB155 /* Release */ = {
			isa = XCBuildConfiguration;
			buildSettings = {
				ASSETCATALOG_COMPILER_APPICON_NAME = AppIcon;
				INFOPLIST_FILE = Aula2Swift_TableViewController/Info.plist;
				LD_RUNPATH_SEARCH_PATHS = "$(inherited) @executable_path/Frameworks";
				PRODUCT_BUNDLE_IDENTIFIER = "br.com.ht.alicia.Aula2Swift-TableViewController";
				PRODUCT_NAME = "$(TARGET_NAME)";
				SWIFT_VERSION = 3.0;
			};
			name = Release;
		};
/* End XCBuildConfiguration section */

/* Begin XCConfigurationList section */
		3F9D788E2257B6C8009EB155 /* Build configuration list for PBXProject "Aula2Swift_TableViewController" */ = {
			isa = XCConfigurationList;
			buildConfigurations = (
				3F9D78A32257B6C8009EB155 /* Debug */,
				3F9D78A42257B6C8009EB155 /* Release */,
			);
			defaultConfigurationIsVisible = 0;
			defaultConfigurationName = Release;
		};
		3F9D78A52257B6C8009EB155 /* Build configuration list for PBXNativeTarget "Aula2Swift_TableViewController" */ = {
			isa = XCConfigurationList;
			buildConfigurations = (
				3F9D78A62257B6C8009EB155 /* Debug */,
				3F9D78A72257B6C8009EB155 /* Release */,
			);
			defaultConfigurationIsVisible = 0;
		};
/* End XCConfigurationList section */
	};
	rootObject = 3F9D788B2257B6C8009EB155 /* Project object */;
}
